
Microsoft Visual Studio Solution File, Format Version 12.00
# Visual Studio Version 17
VisualStudioVersion = 17.1.32228.430
MinimumVisualStudioVersion = 10.0.40219.1
Project("{9A19103F-16F7-4668-BE54-9A1E7A4F7556}") = "AndreTurismoApp", "AndreTurismoApp\AndreTurismoApp.csproj", "{3E82F3D6-B730-4D97-8F6B-57442CE2C5C2}"
EndProject
Project("{9A19103F-16F7-4668-BE54-9A1E7A4F7556}") = "AndreTurismoApp.Models", "AndreTurismoApp.Models\AndreTurismoApp.Models.csproj", "{88B4D3F0-33D8-49C6-95E5-0340F5438E94}"
EndProject
Project("{9A19103F-16F7-4668-BE54-9A1E7A4F7556}") = "AndreTurismoApp.Repositories", "AndreTurismoApp.Repositories\AndreTurismoApp.Repositories.csproj", "{02F04ACC-FC02-4E30-B650-BD848C43F014}"
EndProject
Project("{9A19103F-16F7-4668-BE54-9A1E7A4F7556}") = "AndreTurismoApp.ClientService", "AndreTurismoApp.ClientService\AndreTurismoApp.ClientService.csproj", "{3830D3FD-7A24-4453-9943-D85C445C2B7F}"
EndProject
Project("{9A19103F-16F7-4668-BE54-9A1E7A4F7556}") = "AndreTurismoApp.AirfareService", "AndreTurismoApp.AirfareService\AndreTurismoApp.AirfareService.csproj", "{DBB63839-B28D-484B-ACC1-1483AE31578B}"
EndProject
Project("{9A19103F-16F7-4668-BE54-9A1E7A4F7556}") = "AndreTurismoApp.HotelService", "AndreTurismoApp.Hotel\AndreTurismoApp.HotelService.csproj", "{71043AE5-51A2-493E-A045-23768FCEB92A}"
EndProject
Project("{9A19103F-16F7-4668-BE54-9A1E7A4F7556}") = "AndreTurismoApp.PackageService", "AndreTurismApp.PackageService\AndreTurismoApp.PackageService.csproj", "{DFE632C1-E425-4054-9D6B-F52E7272FCC4}"
EndProject
Project("{9A19103F-16F7-4668-BE54-9A1E7A4F7556}") = "AndreTurismoApp.CityService", "AndreTurismoApp.CityService\AndreTurismoApp.CityService.csproj", "{45A29AFD-A552-440B-8251-3C6E0C944CD1}"
EndProject
Project("{9A19103F-16F7-4668-BE54-9A1E7A4F7556}") = "AndreTurismoApp.UTest", "AndreTurismoApp.UTest\AndreTurismoApp.UTest.csproj", "{6861EFBA-B02D-4BF8-9DC6-6D2699A76101}"
EndProject
Project("{9A19103F-16F7-4668-BE54-9A1E7A4F7556}") = "AndreTurismoApp.AddressService", "AndreTurismoApp.AddressService\AndreTurismoApp.AddressService.csproj", "{3685B4E2-3D60-4C01-B304-768D39C22414}"
EndProject
Project("{9A19103F-16F7-4668-BE54-9A1E7A4F7556}") = "AndreTurismoApp.Services", "AndreTurismoApp.Services\AndreTurismoApp.Services.csproj", "{4851722E-FBDD-4458-BFE2-86B5180FC586}"
EndProject
Global
	GlobalSection(SolutionConfigurationPlatforms) = preSolution
		Debug|Any CPU = Debug|Any CPU
		Release|Any CPU = Release|Any CPU
	EndGlobalSection
	GlobalSection(ProjectConfigurationPlatforms) = postSolution
		{3E82F3D6-B730-4D97-8F6B-57442CE2C5C2}.Debug|Any CPU.ActiveCfg = Debug|Any CPU
		{3E82F3D6-B730-4D97-8F6B-57442CE2C5C2}.Debug|Any CPU.Build.0 = Debug|Any CPU
		{3E82F3D6-B730-4D97-8F6B-57442CE2C5C2}.Release|Any CPU.ActiveCfg = Release|Any CPU
		{3E82F3D6-B730-4D97-8F6B-57442CE2C5C2}.Release|Any CPU.Build.0 = Release|Any CPU
		{88B4D3F0-33D8-49C6-95E5-0340F5438E94}.Debug|Any CPU.ActiveCfg = Debug|Any CPU
		{88B4D3F0-33D8-49C6-95E5-0340F5438E94}.Debug|Any CPU.Build.0 = Debug|Any CPU
		{88B4D3F0-33D8-49C6-95E5-0340F5438E94}.Release|Any CPU.ActiveCfg = Release|Any CPU
		{88B4D3F0-33D8-49C6-95E5-0340F5438E94}.Release|Any CPU.Build.0 = Release|Any CPU
		{02F04ACC-FC02-4E30-B650-BD848C43F014}.Debug|Any CPU.ActiveCfg = Debug|Any CPU
		{02F04ACC-FC02-4E30-B650-BD848C43F014}.Debug|Any CPU.Build.0 = Debug|Any CPU
		{02F04ACC-FC02-4E30-B650-BD848C43F014}.Release|Any CPU.ActiveCfg = Release|Any CPU
		{02F04ACC-FC02-4E30-B650-BD848C43F014}.Release|Any CPU.Build.0 = Release|Any CPU
		{3830D3FD-7A24-4453-9943-D85C445C2B7F}.Debug|Any CPU.ActiveCfg = Debug|Any CPU
		{3830D3FD-7A24-4453-9943-D85C445C2B7F}.Debug|Any CPU.Build.0 = Debug|Any CPU
		{3830D3FD-7A24-4453-9943-D85C445C2B7F}.Release|Any CPU.ActiveCfg = Release|Any CPU
		{3830D3FD-7A24-4453-9943-D85C445C2B7F}.Release|Any CPU.Build.0 = Release|Any CPU
		{DBB63839-B28D-484B-ACC1-1483AE31578B}.Debug|Any CPU.ActiveCfg = Debug|Any CPU
		{DBB63839-B28D-484B-ACC1-1483AE31578B}.Debug|Any CPU.Build.0 = Debug|Any CPU
		{DBB63839-B28D-484B-ACC1-1483AE31578B}.Release|Any CPU.ActiveCfg = Release|Any CPU
		{DBB63839-B28D-484B-ACC1-1483AE31578B}.Release|Any CPU.Build.0 = Release|Any CPU
		{71043AE5-51A2-493E-A045-23768FCEB92A}.Debug|Any CPU.ActiveCfg = Debug|Any CPU
		{71043AE5-51A2-493E-A045-23768FCEB92A}.Debug|Any CPU.Build.0 = Debug|Any CPU
		{71043AE5-51A2-493E-A045-23768FCEB92A}.Release|Any CPU.ActiveCfg = Release|Any CPU
		{71043AE5-51A2-493E-A045-23768FCEB92A}.Release|Any CPU.Build.0 = Release|Any CPU
		{DFE632C1-E425-4054-9D6B-F52E7272FCC4}.Debug|Any CPU.ActiveCfg = Debug|Any CPU
		{DFE632C1-E425-4054-9D6B-F52E7272FCC4}.Debug|Any CPU.Build.0 = Debug|Any CPU
		{DFE632C1-E425-4054-9D6B-F52E7272FCC4}.Release|Any CPU.ActiveCfg = Release|Any CPU
		{DFE632C1-E425-4054-9D6B-F52E7272FCC4}.Release|Any CPU.Build.0 = Release|Any CPU
		{45A29AFD-A552-440B-8251-3C6E0C944CD1}.Debug|Any CPU.ActiveCfg = Debug|Any CPU
		{45A29AFD-A552-440B-8251-3C6E0C944CD1}.Debug|Any CPU.Build.0 = Debug|Any CPU
		{45A29AFD-A552-440B-8251-3C6E0C944CD1}.Release|Any CPU.ActiveCfg = Release|Any CPU
		{45A29AFD-A552-440B-8251-3C6E0C944CD1}.Release|Any CPU.Build.0 = Release|Any CPU
		{6861EFBA-B02D-4BF8-9DC6-6D2699A76101}.Debug|Any CPU.ActiveCfg = Debug|Any CPU
		{6861EFBA-B02D-4BF8-9DC6-6D2699A76101}.Debug|Any CPU.Build.0 = Debug|Any CPU
		{6861EFBA-B02D-4BF8-9DC6-6D2699A76101}.Release|Any CPU.ActiveCfg = Release|Any CPU
		{6861EFBA-B02D-4BF8-9DC6-6D2699A76101}.Release|Any CPU.Build.0 = Release|Any CPU
		{3685B4E2-3D60-4C01-B304-768D39C22414}.Debug|Any CPU.ActiveCfg = Debug|Any CPU
		{3685B4E2-3D60-4C01-B304-768D39C22414}.Debug|Any CPU.Build.0 = Debug|Any CPU
		{3685B4E2-3D60-4C01-B304-768D39C22414}.Release|Any CPU.ActiveCfg = Release|Any CPU
		{3685B4E2-3D60-4C01-B304-768D39C22414}.Release|Any CPU.Build.0 = Release|Any CPU
		{4851722E-FBDD-4458-BFE2-86B5180FC586}.Debug|Any CPU.ActiveCfg = Debug|Any CPU
		{4851722E-FBDD-4458-BFE2-86B5180FC586}.Debug|Any CPU.Build.0 = Debug|Any CPU
		{4851722E-FBDD-4458-BFE2-86B5180FC586}.Release|Any CPU.ActiveCfg = Release|Any CPU
		{4851722E-FBDD-4458-BFE2-86B5180FC586}.Release|Any CPU.Build.0 = Release|Any CPU
	EndGlobalSection
	GlobalSection(SolutionProperties) = preSolution
		HideSolutionNode = FALSE
	EndGlobalSection
	GlobalSection(ExtensibilityGlobals) = postSolution
		SolutionGuid = {AF529CC4-57FE-481E-8466-388F8FC34B3F}
	EndGlobalSection
EndGlobal
